{
  "name": "new_student_system",
  "lockfileVersion": 2,
  "requires": true,
  "packages": {
    "": {
      "dependencies": {
        "scanline": "^1.0.2"
      }
    },
    "node_modules/scanline": {
      "version": "1.0.2",
      "resolved": "https://registry.npmjs.org/scanline/-/scanline-1.0.2.tgz",
      "integrity": "sha512-Vfl5ActzB6BEy3F9fhKibsrlCZrQZddgmEC9cEBKMARMKeN1plvSPlUPD6Z47GVykP/EuKKeKA3TM+OpxFOzvg=="
    }
  },
  "dependencies": {
    "scanline": {
      "version": "1.0.2",
      "resolved": "https://registry.npmjs.org/scanline/-/scanline-1.0.2.tgz",
      "integrity": "sha512-Vfl5ActzB6BEy3F9fhKibsrlCZrQZddgmEC9cEBKMARMKeN1plvSPlUPD6Z47GVykP/EuKKeKA3TM+OpxFOzvg=="
    }
  }
}
